
Microsoft Visual Studio Solution File, Format Version 12.00
# Visual Studio Version 17
VisualStudioVersion = 17.4.33103.184
MinimumVisualStudioVersion = 10.0.40219.1
Project("{FAE04EC0-301F-11D3-BF4B-00C04F79EFBC}") = "WindowsFormsAppforFanuc", "WindowsFormsAppforFanuc.csproj", "{6FCDE6CE-9E27-41AC-86BA-F851EACA8CE0}"
EndProject
Project("{2150E333-8FDC-42A3-9474-1A3956D46DE8}") = "解决方案项", "解决方案项", "{31F2AD2D-A951-4828-AC9A-945975AECB7F}"
	ProjectSection(SolutionItems) = preProject
		README.MD = README.MD
	EndProjectSection
EndProject
Global
	GlobalSection(SolutionConfigurationPlatforms) = preSolution
		Debug|Any CPU = Debug|Any CPU
		Release|Any CPU = Release|Any CPU
	EndGlobalSection
	GlobalSection(ProjectConfigurationPlatforms) = postSolution
		{6FCDE6CE-9E27-41AC-86BA-F851EACA8CE0}.Debug|Any CPU.ActiveCfg = Debug|Any CPU
		{6FCDE6CE-9E27-41AC-86BA-F851EACA8CE0}.Debug|Any CPU.Build.0 = Debug|Any CPU
		{6FCDE6CE-9E27-41AC-86BA-F851EACA8CE0}.Release|Any CPU.ActiveCfg = Release|Any CPU
		{6FCDE6CE-9E27-41AC-86BA-F851EACA8CE0}.Release|Any CPU.Build.0 = Release|Any CPU
	EndGlobalSection
	GlobalSection(SolutionProperties) = preSolution
		HideSolutionNode = FALSE
	EndGlobalSection
	GlobalSection(ExtensibilityGlobals) = postSolution
		SolutionGuid = {9B46C336-494A-4498-8A2E-400D55744769}
	EndGlobalSection
EndGlobal
